{
  "requires": true,
  "lockfileVersion": 1,
  "dependencies": {
    "@types/blueimp-md5": {
      "version": "2.7.0",
      "resolved": "http://registry.npm.taobao.org/@types/blueimp-md5/download/@types/blueimp-md5-2.7.0.tgz",
      "integrity": "sha1-QEIigGgAR4yieC6K1GWQq6fxRic="
    },
    "@types/node": {
      "version": "9.6.30",
      "resolved": "http://registry.npm.taobao.org/@types/node/download/@types/node-9.6.30.tgz",
      "integrity": "sha1-Hs+D6vesLQ2tp6nWGh5OemGDrAY="
    },
    "blueimp-md5": {
      "version": "2.10.0",
      "resolved": "http://registry.npm.taobao.org/blueimp-md5/download/blueimp-md5-2.10.0.tgz",
      "integrity": "sha1-AvCEOSH5DcoU9biSCjhZMgHWlk0="
    },
    "translation.js": {
      "version": "0.7.5",
      "resolved": "http://registry.npm.taobao.org/translation.js/download/translation.js-0.7.5.tgz",
      "integrity": "sha1-l+hx14MYdwkwdz8pf/+0DEIJsFM=",
      "requires": {
        "@types/blueimp-md5": "^2.7.0",
        "@types/node": "^9.3.0",
        "blueimp-md5": "^2.10.0",
        "tslib": "^1.8.1"
      }
    },
    "tslib": {
      "version": "1.9.3",
      "resolved": "http://registry.npm.taobao.org/tslib/download/tslib-1.9.3.tgz",
      "integrity": "sha1-1+TdeSRdhUKMTX5IIqeZF5VMooY="
    }
  }
}
